
Microsoft Visual Studio Solution File, Format Version 12.00
# Visual Studio Version 16
VisualStudioVersion = 16.0.31402.337
MinimumVisualStudioVersion = 10.0.40219.1
Project("{FAE04EC0-301F-11D3-BF4B-00C04F79EFBC}") = "Esercizio_5_OOP", "Esercizio_5_OOP.csproj", "{0415715B-E11A-4E56-9237-5EC86EA14203}"
EndProject
Global
	GlobalSection(SolutionConfigurationPlatforms) = preSolution
		Debug|Any CPU = Debug|Any CPU
		Release|Any CPU = Release|Any CPU
	EndGlobalSection
	GlobalSection(ProjectConfigurationPlatforms) = postSolution
		{0415715B-E11A-4E56-9237-5EC86EA14203}.Debug|Any CPU.ActiveCfg = Debug|Any CPU
		{0415715B-E11A-4E56-9237-5EC86EA14203}.Debug|Any CPU.Build.0 = Debug|Any CPU
		{0415715B-E11A-4E56-9237-5EC86EA14203}.Release|Any CPU.ActiveCfg = Release|Any CPU
		{0415715B-E11A-4E56-9237-5EC86EA14203}.Release|Any CPU.Build.0 = Release|Any CPU
	EndGlobalSection
	GlobalSection(SolutionProperties) = preSolution
		HideSolutionNode = FALSE
	EndGlobalSection
	GlobalSection(ExtensibilityGlobals) = postSolution
		SolutionGuid = {E8626CCF-94A9-4C28-AEF5-77F979A697B5}
	EndGlobalSection
EndGlobal
