
Microsoft Visual Studio Solution File, Format Version 12.00
# Visual Studio Version 16
VisualStudioVersion = 16.0.31402.337
MinimumVisualStudioVersion = 10.0.40219.1
Project("{FAE04EC0-301F-11D3-BF4B-00C04F79EFBC}") = "Calciatore", "Calciatore.csproj", "{B56DBF10-6148-4279-A756-CE4DED12C695}"
EndProject
Global
	GlobalSection(SolutionConfigurationPlatforms) = preSolution
		Debug|Any CPU = Debug|Any CPU
		Release|Any CPU = Release|Any CPU
	EndGlobalSection
	GlobalSection(ProjectConfigurationPlatforms) = postSolution
		{B56DBF10-6148-4279-A756-CE4DED12C695}.Debug|Any CPU.ActiveCfg = Debug|Any CPU
		{B56DBF10-6148-4279-A756-CE4DED12C695}.Debug|Any CPU.Build.0 = Debug|Any CPU
		{B56DBF10-6148-4279-A756-CE4DED12C695}.Release|Any CPU.ActiveCfg = Release|Any CPU
		{B56DBF10-6148-4279-A756-CE4DED12C695}.Release|Any CPU.Build.0 = Release|Any CPU
	EndGlobalSection
	GlobalSection(SolutionProperties) = preSolution
		HideSolutionNode = FALSE
	EndGlobalSection
	GlobalSection(ExtensibilityGlobals) = postSolution
		SolutionGuid = {EBEFBD76-B3A9-4E4F-B0B0-429BFA86E0E3}
	EndGlobalSection
EndGlobal
